
Microsoft Visual Studio Solution File, Format Version 12.00
# Visual Studio 15
VisualStudioVersion = 15.0.28307.1500
MinimumVisualStudioVersion = 10.0.40219.1
Project("{FAE04EC0-301F-11D3-BF4B-00C04F79EFBC}") = "TimDoThatLac", "timdothatlac\TimDoThatLac.csproj", "{05A445D8-1B09-408A-9BFF-4D1A93A72CCC}"
EndProject
Project("{FAE04EC0-301F-11D3-BF4B-00C04F79EFBC}") = "ModalEF", "ModalEF\ModalEF.csproj", "{1DE75C46-D535-438C-80B0-5CABE7004DE9}"
EndProject
Global
	GlobalSection(SolutionConfigurationPlatforms) = preSolution
		Debug|Any CPU = Debug|Any CPU
		Release|Any CPU = Release|Any CPU
	EndGlobalSection
	GlobalSection(ProjectConfigurationPlatforms) = postSolution
		{05A445D8-1B09-408A-9BFF-4D1A93A72CCC}.Debug|Any CPU.ActiveCfg = Debug|Any CPU
		{05A445D8-1B09-408A-9BFF-4D1A93A72CCC}.Debug|Any CPU.Build.0 = Debug|Any CPU
		{05A445D8-1B09-408A-9BFF-4D1A93A72CCC}.Release|Any CPU.ActiveCfg = Release|Any CPU
		{05A445D8-1B09-408A-9BFF-4D1A93A72CCC}.Release|Any CPU.Build.0 = Release|Any CPU
		{1DE75C46-D535-438C-80B0-5CABE7004DE9}.Debug|Any CPU.ActiveCfg = Debug|Any CPU
		{1DE75C46-D535-438C-80B0-5CABE7004DE9}.Debug|Any CPU.Build.0 = Debug|Any CPU
		{1DE75C46-D535-438C-80B0-5CABE7004DE9}.Release|Any CPU.ActiveCfg = Release|Any CPU
		{1DE75C46-D535-438C-80B0-5CABE7004DE9}.Release|Any CPU.Build.0 = Release|Any CPU
	EndGlobalSection
	GlobalSection(SolutionProperties) = preSolution
		HideSolutionNode = FALSE
	EndGlobalSection
	GlobalSection(ExtensibilityGlobals) = postSolution
		SolutionGuid = {C77D9755-DE63-4AD6-8058-04B3B2106626}
	EndGlobalSection
EndGlobal
